
Microsoft Visual Studio Solution File, Format Version 12.00
Project("{2150E333-8FDC-42A3-9474-1A3956D46DE8}") = "Solution Items", "Solution Items", "{03B4D667-F2A5-4B36-A6A2-6BE643FBD3A9}"
	ProjectSection(SolutionItems) = preProject
		compose.yaml = compose.yaml
	EndProjectSection
EndProject
Project("{2150E333-8FDC-42A3-9474-1A3956D46DE8}") = "src", "src", "{78B322B7-D212-423B-AD8D-6E44BC071754}"
EndProject
Project("{FAE04EC0-301F-11D3-BF4B-00C04F79EFBC}") = "Domain", "Domain\Domain.csproj", "{FDED470E-210E-47F2-932C-945A1A7B603F}"
EndProject
Project("{FAE04EC0-301F-11D3-BF4B-00C04F79EFBC}") = "Shared", "Shared\Shared.csproj", "{E033664A-ACC5-4DDC-82DE-75694E5ECDFE}"
EndProject
Project("{2150E333-8FDC-42A3-9474-1A3956D46DE8}") = "test", "test", "{13FFCABE-EB3E-4BBE-925F-7056B7295B25}"
EndProject
Project("{FAE04EC0-301F-11D3-BF4B-00C04F79EFBC}") = "Domain.UnitTests", "Domain.UnitTests\Domain.UnitTests.csproj", "{C13FF1A0-2B9A-4B6B-8E75-11B8C746F923}"
EndProject
Project("{FAE04EC0-301F-11D3-BF4B-00C04F79EFBC}") = "Persistence", "Persistence\Persistence.csproj", "{E71FEAD9-1AC1-4BE6-AD43-4A8A9D291F17}"
EndProject
Project("{FAE04EC0-301F-11D3-BF4B-00C04F79EFBC}") = "Application", "Application\Application.csproj", "{DA12FA90-7068-4303-ABFE-7A38DA62105C}"
EndProject
Global
	GlobalSection(SolutionConfigurationPlatforms) = preSolution
		Debug|Any CPU = Debug|Any CPU
		Release|Any CPU = Release|Any CPU
	EndGlobalSection
	GlobalSection(ProjectConfigurationPlatforms) = postSolution
		{FDED470E-210E-47F2-932C-945A1A7B603F}.Debug|Any CPU.ActiveCfg = Debug|Any CPU
		{FDED470E-210E-47F2-932C-945A1A7B603F}.Debug|Any CPU.Build.0 = Debug|Any CPU
		{FDED470E-210E-47F2-932C-945A1A7B603F}.Release|Any CPU.ActiveCfg = Release|Any CPU
		{FDED470E-210E-47F2-932C-945A1A7B603F}.Release|Any CPU.Build.0 = Release|Any CPU
		{E033664A-ACC5-4DDC-82DE-75694E5ECDFE}.Debug|Any CPU.ActiveCfg = Debug|Any CPU
		{E033664A-ACC5-4DDC-82DE-75694E5ECDFE}.Debug|Any CPU.Build.0 = Debug|Any CPU
		{E033664A-ACC5-4DDC-82DE-75694E5ECDFE}.Release|Any CPU.ActiveCfg = Release|Any CPU
		{E033664A-ACC5-4DDC-82DE-75694E5ECDFE}.Release|Any CPU.Build.0 = Release|Any CPU
		{C13FF1A0-2B9A-4B6B-8E75-11B8C746F923}.Debug|Any CPU.ActiveCfg = Debug|Any CPU
		{C13FF1A0-2B9A-4B6B-8E75-11B8C746F923}.Debug|Any CPU.Build.0 = Debug|Any CPU
		{C13FF1A0-2B9A-4B6B-8E75-11B8C746F923}.Release|Any CPU.ActiveCfg = Release|Any CPU
		{C13FF1A0-2B9A-4B6B-8E75-11B8C746F923}.Release|Any CPU.Build.0 = Release|Any CPU
		{E71FEAD9-1AC1-4BE6-AD43-4A8A9D291F17}.Debug|Any CPU.ActiveCfg = Debug|Any CPU
		{E71FEAD9-1AC1-4BE6-AD43-4A8A9D291F17}.Debug|Any CPU.Build.0 = Debug|Any CPU
		{E71FEAD9-1AC1-4BE6-AD43-4A8A9D291F17}.Release|Any CPU.ActiveCfg = Release|Any CPU
		{E71FEAD9-1AC1-4BE6-AD43-4A8A9D291F17}.Release|Any CPU.Build.0 = Release|Any CPU
		{DA12FA90-7068-4303-ABFE-7A38DA62105C}.Debug|Any CPU.ActiveCfg = Debug|Any CPU
		{DA12FA90-7068-4303-ABFE-7A38DA62105C}.Debug|Any CPU.Build.0 = Debug|Any CPU
		{DA12FA90-7068-4303-ABFE-7A38DA62105C}.Release|Any CPU.ActiveCfg = Release|Any CPU
		{DA12FA90-7068-4303-ABFE-7A38DA62105C}.Release|Any CPU.Build.0 = Release|Any CPU
	EndGlobalSection
	GlobalSection(NestedProjects) = preSolution
		{FDED470E-210E-47F2-932C-945A1A7B603F} = {78B322B7-D212-423B-AD8D-6E44BC071754}
		{E033664A-ACC5-4DDC-82DE-75694E5ECDFE} = {78B322B7-D212-423B-AD8D-6E44BC071754}
		{C13FF1A0-2B9A-4B6B-8E75-11B8C746F923} = {13FFCABE-EB3E-4BBE-925F-7056B7295B25}
		{E71FEAD9-1AC1-4BE6-AD43-4A8A9D291F17} = {78B322B7-D212-423B-AD8D-6E44BC071754}
		{DA12FA90-7068-4303-ABFE-7A38DA62105C} = {78B322B7-D212-423B-AD8D-6E44BC071754}
	EndGlobalSection
EndGlobal
